
Microsoft Visual Studio Solution File, Format Version 12.00
# Visual Studio Version 16
VisualStudioVersion = 16.0.31129.286
MinimumVisualStudioVersion = 10.0.40219.1
Project("{8BC9CEB8-8B4A-11D0-8D11-00A0C91BC942}") = "api_set_dll_demo", "api_set_dll_demo\api_set_dll_demo.vcxproj", "{A8CD06FD-0C9F-4A64-85C1-305F8A52F427}"
EndProject
Global
	GlobalSection(SolutionConfigurationPlatforms) = preSolution
		Debug|x64 = Debug|x64
		Debug|x86 = Debug|x86
		Release|x64 = Release|x64
		Release|x86 = Release|x86
	EndGlobalSection
	GlobalSection(ProjectConfigurationPlatforms) = postSolution
		{A8CD06FD-0C9F-4A64-85C1-305F8A52F427}.Debug|x64.ActiveCfg = Debug|x64
		{A8CD06FD-0C9F-4A64-85C1-305F8A52F427}.Debug|x64.Build.0 = Debug|x64
		{A8CD06FD-0C9F-4A64-85C1-305F8A52F427}.Debug|x86.ActiveCfg = Debug|Win32
		{A8CD06FD-0C9F-4A64-85C1-305F8A52F427}.Debug|x86.Build.0 = Debug|Win32
		{A8CD06FD-0C9F-4A64-85C1-305F8A52F427}.Release|x64.ActiveCfg = Release|x64
		{A8CD06FD-0C9F-4A64-85C1-305F8A52F427}.Release|x64.Build.0 = Release|x64
		{A8CD06FD-0C9F-4A64-85C1-305F8A52F427}.Release|x86.ActiveCfg = Release|Win32
		{A8CD06FD-0C9F-4A64-85C1-305F8A52F427}.Release|x86.Build.0 = Release|Win32
	EndGlobalSection
	GlobalSection(SolutionProperties) = preSolution
		HideSolutionNode = FALSE
	EndGlobalSection
	GlobalSection(ExtensibilityGlobals) = postSolution
		SolutionGuid = {4B512553-FA45-431F-AF2F-A8ED03607A35}
	EndGlobalSection
EndGlobal
